{
  "name": "calculadora_edad",
  "version": "1.0.0",
  "lockfileVersion": 2,
  "requires": true,
  "packages": {
    "": {
      "name": "calculadora_edad",
      "version": "1.0.0",
      "license": "ISC",
      "dependencies": {
        "moment": "^1.6.0"
      }
    },
    "node_modules/moment": {
      "version": "1.7.2",
      "resolved": "https://registry.npmjs.org/moment/-/moment-1.7.2.tgz",
      "integrity": "sha512-9H4qeb1ad/7t2QXObV5CCkClnUOcc7vMIAueQVUnThzgCUOyn/OUH8riiMhj7jESxw1RXQ6biMQ7fO5r4Z0AqA==",
      "engines": {
        "node": "*"
      }
    }
  },
  "dependencies": {
    "moment": {
      "version": "1.7.2",
      "resolved": "https://registry.npmjs.org/moment/-/moment-1.7.2.tgz",
      "integrity": "sha512-9H4qeb1ad/7t2QXObV5CCkClnUOcc7vMIAueQVUnThzgCUOyn/OUH8riiMhj7jESxw1RXQ6biMQ7fO5r4Z0AqA=="
    }
  }
}
